
Microsoft Visual Studio Solution File, Format Version 12.00
# Visual Studio Version 17
VisualStudioVersion = 17.6.33815.320
MinimumVisualStudioVersion = 10.0.40219.1
Project("{FAE04EC0-301F-11D3-BF4B-00C04F79EFBC}") = "Projekt_b", "Projekt_b.csproj", "{870BAFCA-54AA-4079-9F66-3D0E772C0252}"
EndProject
Global
	GlobalSection(SolutionConfigurationPlatforms) = preSolution
		Debug|Any CPU = Debug|Any CPU
		Release|Any CPU = Release|Any CPU
	EndGlobalSection
	GlobalSection(ProjectConfigurationPlatforms) = postSolution
		{870BAFCA-54AA-4079-9F66-3D0E772C0252}.Debug|Any CPU.ActiveCfg = Debug|Any CPU
		{870BAFCA-54AA-4079-9F66-3D0E772C0252}.Debug|Any CPU.Build.0 = Debug|Any CPU
		{870BAFCA-54AA-4079-9F66-3D0E772C0252}.Release|Any CPU.ActiveCfg = Release|Any CPU
		{870BAFCA-54AA-4079-9F66-3D0E772C0252}.Release|Any CPU.Build.0 = Release|Any CPU
	EndGlobalSection
	GlobalSection(SolutionProperties) = preSolution
		HideSolutionNode = FALSE
	EndGlobalSection
	GlobalSection(ExtensibilityGlobals) = postSolution
		SolutionGuid = {4179FC9D-E285-4892-AA4D-1EF58B63D9BE}
	EndGlobalSection
EndGlobal
